{
  "requires": true,
  "lockfileVersion": 1,
  "dependencies": {
    "@babel/standalone": {
      "version": "7.13.8",
      "resolved": "https://registry.npmjs.org/@babel/standalone/-/standalone-7.13.8.tgz",
      "integrity": "sha512-1pOy6rJIe6p+svKq/OggZvi4gVwvPA2RGkup6T9pMO+XmSncnRZhEu1VNHJXEvB7H88o0JdWjDcUG2P7nz4mxA==",
      "dev": true
    },
    "@ethersproject/abi": {
      "version": "5.0.12",
      "resolved": "https://registry.npmjs.org/@ethersproject/abi/-/abi-5.0.12.tgz",
      "integrity": "sha512-Ujr/3bwyYYjXLDQfebeiiTuvOw9XtUKM8av6YkoBeMXyGQM9GkjrQlwJMNwGTmqjATH/ZNbRgCh98GjOLiIB1Q==",
      "requires": {
        "@ethersproject/address": "^5.0.9",
        "@ethersproject/bignumber": "^5.0.13",
        "@ethersproject/bytes": "^5.0.9",
        "@ethersproject/constants": "^5.0.8",
        "@ethersproject/hash": "^5.0.10",
        "@ethersproject/keccak256": "^5.0.7",
        "@ethersproject/logger": "^5.0.8",
        "@ethersproject/properties": "^5.0.7",
        "@ethersproject/strings": "^5.0.8"
      }
    },
    "@ethersproject/abstract-provider": {
      "version": "5.0.9",
      "resolved": "https://registry.npmjs.org/@ethersproject/abstract-provider/-/abstract-provider-5.0.9.tgz",
      "integrity": "sha512-X9fMkqpeu9ayC3JyBkeeZhn35P4xQkpGX/l+FrxDtEW9tybf/UWXSMi8bGThpPtfJ6q6U2LDetXSpSwK4TfYQQ==",
      "requires": {
        "@ethersproject/bignumber": "^5.0.13",
        "@ethersproject/bytes": "^5.0.9",
        "@ethersproject/logger": "^5.0.8",
        "@ethersproject/networks": "^5.0.7",
        "@ethersproject/properties": "^5.0.7",
        "@ethersproject/transactions": "^5.0.9",
        "@ethersproject/web": "^5.0.12"
      }
    },
    "@ethersproject/abstract-signer": {
      "version": "5.0.13",
      "resolved": "https://registry.npmjs.org/@ethersproject/abstract-signer/-/abstract-signer-5.0.13.tgz",
      "integrity": "sha512-VBIZEI5OK0TURoCYyw0t3w+TEO4kdwnI9wvt4kqUwyxSn3YCRpXYVl0Xoe7XBR/e5+nYOi2MyFGJ3tsFwONecQ==",
      "requires": {
        "@ethersproject/abstract-provider": "^5.0.8",
        "@ethersproject/bignumber": "^5.0.13",
        "@ethersproject/bytes": "^5.0.9",
        "@ethersproject/logger": "^5.0.8",
        "@ethersproject/properties": "^5.0.7"
      }
    },
    "@ethersproject/address": {
      "version": "5.0.10",
      "resolved": "https://registry.npmjs.org/@ethersproject/address/-/address-5.0.10.tgz",
      "integrity": "sha512-70vqESmW5Srua1kMDIN6uVfdneZMaMyRYH4qPvkAXGkbicrCOsA9m01vIloA4wYiiF+HLEfL1ENKdn5jb9xiAw==",
      "requires": {
        "@ethersproject/bignumber": "^5.0.13",
        "@ethersproject/bytes": "^5.0.9",
        "@ethersproject/keccak256": "^5.0.7",
        "@ethersproject/logger": "^5.0.8",
        "@ethersproject/rlp": "^5.0.7"
      }
    },
    "@ethersproject/base64": {
      "version": "5.0.8",
      "resolved": "https://registry.npmjs.org/@ethersproject/base64/-/base64-5.0.8.tgz",
      "integrity": "sha512-PNbpHOMgZpZ1skvQl119pV2YkCPXmZTxw+T92qX0z7zaMFPypXWTZBzim+hUceb//zx4DFjeGT4aSjZRTOYThg==",
      "requires": {
        "@ethersproject/bytes": "^5.0.9"
      }
    },
    "@ethersproject/basex": {
      "version": "5.0.8",
      "resolved": "https://registry.npmjs.org/@ethersproject/basex/-/basex-5.0.8.tgz",
      "integrity": "sha512-PCVKZIShBQUqAXjJSvaCidThPvL0jaaQZcewJc0sf8Xx05BizaOS8r3jdPdpNdY+/qZtRDqwHTSKjvR/xssyLQ==",
      "requires": {
        "@ethersproject/bytes": "^5.0.9",
        "@ethersproject/properties": "^5.0.7"
      }
    },
    "@ethersproject/bignumber": {
      "version": "5.0.14",
      "resolved": "https://registry.npmjs.org/@ethersproject/bignumber/-/bignumber-5.0.14.tgz",
      "integrity": "sha512-Q4TjMq9Gg3Xzj0aeJWqJgI3tdEiPiET7Y5OtNtjTAODZ2kp4y9jMNg97zVcvPedFvGROdpGDyCI77JDFodUzOw==",
      "requires": {
        "@ethersproject/bytes": "^5.0.9",
        "@ethersproject/logger": "^5.0.8",
        "bn.js": "^4.4.0"
      }
    },
    "@ethersproject/bytes": {
      "version": "5.0.10",
      "resolved": "https://registry.npmjs.org/@ethersproject/bytes/-/bytes-5.0.10.tgz",
      "integrity": "sha512-vpu0v1LZ1j1s9kERQIMnVU69MyHEzUff7nqK9XuCU4vx+AM8n9lU2gj7jtJIvGSt9HzatK/6I6bWusI5nyuaTA==",
      "requires": {
        "@ethersproject/logger": "^5.0.8"
      }
    },
    "@ethersproject/constants": {
      "version": "5.0.9",
      "resolved": "https://registry.npmjs.org/@ethersproject/constants/-/constants-5.0.9.tgz",
      "integrity": "sha512-2uAKH89UcaJP/Sc+54u92BtJtZ4cPgcS1p0YbB1L3tlkavwNvth+kNCUplIB1Becqs7BOZr0B/3dMNjhJDy4Dg==",
      "requires": {
        "@ethersproject/bignumber": "^5.0.13"
      }
    },
    "@ethersproject/contracts": {
      "version": "5.0.11",
      "resolved": "https://registry.npmjs.org/@ethersproject/contracts/-/contracts-5.0.11.tgz",
      "integrity": "sha512-FTUUd/6x00dYL2VufE2VowZ7h3mAyBfCQMGwI3tKDIWka+C0CunllFiKrlYCdiHFuVeMotR65dIcnzbLn72MCw==",
      "requires": {
        "@ethersproject/abi": "^5.0.10",
        "@ethersproject/abstract-provider": "^5.0.8",
        "@ethersproject/abstract-signer": "^5.0.10",
        "@ethersproject/address": "^5.0.9",
        "@ethersproject/bignumber": "^5.0.13",
        "@ethersproject/bytes": "^5.0.9",
        "@ethersproject/constants": "^5.0.8",
        "@ethersproject/logger": "^5.0.8",
        "@ethersproject/properties": "^5.0.7"
      }
    },
    "@ethersproject/hash": {
      "version": "5.0.11",
      "resolved": "https://registry.npmjs.org/@ethersproject/hash/-/hash-5.0.11.tgz",
      "integrity": "sha512-H3KJ9fk33XWJ2djAW03IL7fg3DsDMYjO1XijiUb1hJ85vYfhvxu0OmsU7d3tg2Uv1H1kFSo8ghr3WFQ8c+NL3g==",
      "requires": {
        "@ethersproject/abstract-signer": "^5.0.10",
        "@ethersproject/address": "^5.0.9",
        "@ethersproject/bignumber": "^5.0.13",
        "@ethersproject/bytes": "^5.0.9",
        "@ethersproject/keccak256": "^5.0.7",
        "@ethersproject/logger": "^5.0.8",
        "@ethersproject/properties": "^5.0.7",
        "@ethersproject/strings": "^5.0.8"
      }
    },
    "@ethersproject/hdnode": {
      "version": "5.0.9",
      "resolved": "https://registry.npmjs.org/@ethersproject/hdnode/-/hdnode-5.0.9.tgz",
      "integrity": "sha512-S5UMmIC6XfFtqhUK4uTjD8GPNzSbE+sZ/0VMqFnA3zAJ+cEFZuEyhZDYnl2ItGJzjT4jsy+uEy1SIl3baYK1PQ==",
      "requires": {
        "@ethersproject/abstract-signer": "^5.0.10",
        "@ethersproject/basex": "^5.0.7",
        "@ethersproject/bignumber": "^5.0.13",
        "@ethersproject/bytes": "^5.0.9",
        "@ethersproject/logger": "^5.0.8",
        "@ethersproject/pbkdf2": "^5.0.7",
        "@ethersproject/properties": "^5.0.7",
        "@ethersproject/sha2": "^5.0.7",
        "@ethersproject/signing-key": "^5.0.8",
        "@ethersproject/strings": "^5.0.8",
        "@ethersproject/transactions": "^5.0.9",
        "@ethersproject/wordlists": "^5.0.8"
      }
    },
    "@ethersproject/json-wallets": {
      "version": "5.0.11",
      "resolved": "https://registry.npmjs.org/@ethersproject/json-wallets/-/json-wallets-5.0.11.tgz",
      "integrity": "sha512-0GhWScWUlXXb4qJNp0wmkU95QS3YdN9UMOfMSEl76CRANWWrmyzxcBVSXSBu5iQ0/W8wO+xGlJJ3tpA6v3mbIw==",
      "requires": {
        "@ethersproject/abstract-signer": "^5.0.10",
        "@ethersproject/address": "^5.0.9",
        "@ethersproject/bytes": "^5.0.9",
        "@ethersproject/hdnode": "^5.0.8",
        "@ethersproject/keccak256": "^5.0.7",
        "@ethersproject/logger": "^5.0.8",
        "@ethersproject/pbkdf2": "^5.0.7",
        "@ethersproject/properties": "^5.0.7",
        "@ethersproject/random": "^5.0.7",
        "@ethersproject/strings": "^5.0.8",
        "@ethersproject/transactions": "^5.0.9",
        "aes-js": "3.0.0",
        "scrypt-js": "3.0.1"
      }
    },
    "@ethersproject/keccak256": {
      "version": "5.0.8",
      "resolved": "https://registry.npmjs.org/@ethersproject/keccak256/-/keccak256-5.0.8.tgz",
      "integrity": "sha512-zoGbwXcWWs9MX4NOAZ7N0hhgIRl4Q/IO/u9c/RHRY4WqDy3Ywm0OLamEV53QDwhjwn3YiiVwU1Ve5j7yJ0a/KQ==",
      "requires": {
        "@ethersproject/bytes": "^5.0.9",
        "js-sha3": "0.5.7"
      }
    },
    "@ethersproject/logger": {
      "version": "5.0.9",
      "resolved": "https://registry.npmjs.org/@ethersproject/logger/-/logger-5.0.9.tgz",
      "integrity": "sha512-kV3Uamv3XOH99Xf3kpIG3ZkS7mBNYcLDM00JSDtNgNB4BihuyxpQzIZPRIDmRi+95Z/R1Bb0X2kUNHa/kJoVrw=="
    },
    "@ethersproject/networks": {
      "version": "5.0.8",
      "resolved": "https://registry.npmjs.org/@ethersproject/networks/-/networks-5.0.8.tgz",
      "integrity": "sha512-PYpptlO2Tu5f/JEBI5hdlMds5k1DY1QwVbh3LKPb3un9dQA2bC51vd2/gRWAgSBpF3kkmZOj4FhD7ATLX4H+DA==",
      "requires": {
        "@ethersproject/logger": "^5.0.8"
      }
    },
    "@ethersproject/pbkdf2": {
      "version": "5.0.8",
      "resolved": "https://registry.npmjs.org/@ethersproject/pbkdf2/-/pbkdf2-5.0.8.tgz",
      "integrity": "sha512-UlmAMGbIPaS2xXsI38FbePVTfJMuU9jnwcqVn3p88HxPF4kD897ha+l3TNsBqJqf32UbQL5GImnf1oJkSKq4vQ==",
      "requires": {
        "@ethersproject/bytes": "^5.0.9",
        "@ethersproject/sha2": "^5.0.7"
      }
    },
    "@ethersproject/properties": {
      "version": "5.0.8",
      "resolved": "https://registry.npmjs.org/@ethersproject/properties/-/properties-5.0.8.tgz",
      "integrity": "sha512-zEnLMze2Eu2VDPj/05QwCwMKHh506gpT9PP9KPVd4dDB+5d6AcROUYVLoIIQgBYK7X/Gw0UJmG3oVtnxOQafAw==",
      "requires": {
        "@ethersproject/logger": "^5.0.8"
      }
    },
    "@ethersproject/providers": {
      "version": "5.0.23",
      "resolved": "https://registry.npmjs.org/@ethersproject/providers/-/providers-5.0.23.tgz",
      "integrity": "sha512-eJ94z2tgPaUgUmxwd3BVkIzkgkbNIkY6wRPVas04LVaBTycObQbgj794aaUu2bfk7+Bn2B/gjUZtJW1ybxh9/A==",
      "requires": {
        "@ethersproject/abstract-provider": "^5.0.8",
        "@ethersproject/abstract-signer": "^5.0.10",
        "@ethersproject/address": "^5.0.9",
        "@ethersproject/basex": "^5.0.7",
        "@ethersproject/bignumber": "^5.0.13",
        "@ethersproject/bytes": "^5.0.9",
        "@ethersproject/constants": "^5.0.8",
        "@ethersproject/hash": "^5.0.10",
        "@ethersproject/logger": "^5.0.8",
        "@ethersproject/networks": "^5.0.7",
        "@ethersproject/properties": "^5.0.7",
        "@ethersproject/random": "^5.0.7",
        "@ethersproject/rlp": "^5.0.7",
        "@ethersproject/sha2": "^5.0.7",
        "@ethersproject/strings": "^5.0.8",
        "@ethersproject/transactions": "^5.0.9",
        "@ethersproject/web": "^5.0.12",
        "bech32": "1.1.4",
        "ws": "7.2.3"
      }
    },
    "@ethersproject/random": {
      "version": "5.0.8",
      "resolved": "https://registry.npmjs.org/@ethersproject/random/-/random-5.0.8.tgz",
      "integrity": "sha512-4rHtotmd9NjklW0eDvByicEkL+qareIyFSbG1ShC8tPJJSAC0g55oQWzw+3nfdRCgBHRuEE7S8EcPcTVPvZ9cA==",
      "requires": {
        "@ethersproject/bytes": "^5.0.9",
        "@ethersproject/logger": "^5.0.8"
      }
    },
    "@ethersproject/rlp": {
      "version": "5.0.8",
      "resolved": "https://registry.npmjs.org/@ethersproject/rlp/-/rlp-5.0.8.tgz",
      "integrity": "sha512-E4wdFs8xRNJfzNHmnkC8w5fPeT4Wd1U2cust3YeT16/46iSkLT8nn8ilidC6KhR7hfuSZE4UqSPzyk76p7cdZg==",
      "requires": {
        "@ethersproject/bytes": "^5.0.9",
        "@ethersproject/logger": "^5.0.8"
      }
    },
    "@ethersproject/sha2": {
      "version": "5.0.8",
      "resolved": "https://registry.npmjs.org/@ethersproject/sha2/-/sha2-5.0.8.tgz",
      "integrity": "sha512-ILP1ZgyvDj4rrdE+AXrTv9V88m7x87uga2VZ/FeULKPumOEw/4bGnJz/oQ8zDnDvVYRCJ+48VaQBS2CFLbk1ww==",
      "requires": {
        "@ethersproject/bytes": "^5.0.9",
        "@ethersproject/logger": "^5.0.8",
        "hash.js": "1.1.3"
      },
      "dependencies": {
        "hash.js": {
          "version": "1.1.3",
          "resolved": "https://registry.npmjs.org/hash.js/-/hash.js-1.1.3.tgz",
          "integrity": "sha512-/UETyP0W22QILqS+6HowevwhEFJ3MBJnwTf75Qob9Wz9t0DPuisL8kW8YZMK62dHAKE1c1p+gY1TtOLY+USEHA==",
          "requires": {
            "inherits": "^2.0.3",
            "minimalistic-assert": "^1.0.0"
          }
        }
      }
    },
    "@ethersproject/signing-key": {
      "version": "5.0.10",
      "resolved": "https://registry.npmjs.org/@ethersproject/signing-key/-/signing-key-5.0.10.tgz",
      "integrity": "sha512-w5it3GbFOvN6e0mTd5gDNj+bwSe6L9jqqYjU+uaYS8/hAEp4qYLk5p8ZjbJJkNn7u1p0iwocp8X9oH/OdK8apA==",
      "requires": {
        "@ethersproject/bytes": "^5.0.9",
        "@ethersproject/logger": "^5.0.8",
        "@ethersproject/properties": "^5.0.7",
        "elliptic": "6.5.4"
      }
    },
    "@ethersproject/solidity": {
      "version": "5.0.9",
      "resolved": "https://registry.npmjs.org/@ethersproject/solidity/-/solidity-5.0.9.tgz",
      "integrity": "sha512-LIxSAYEQgLRXE3mRPCq39ou61kqP8fDrGqEeNcaNJS3aLbmAOS8MZp56uK++WsdI9hj8sNsFh78hrAa6zR9Jag==",
      "requires": {
        "@ethersproject/bignumber": "^5.0.13",
        "@ethersproject/bytes": "^5.0.9",
        "@ethersproject/keccak256": "^5.0.7",
        "@ethersproject/sha2": "^5.0.7",
        "@ethersproject/strings": "^5.0.8"
      }
    },
    "@ethersproject/strings": {
      "version": "5.0.9",
      "resolved": "https://registry.npmjs.org/@ethersproject/strings/-/strings-5.0.9.tgz",
      "integrity": "sha512-ogxBpcUpdO524CYs841MoJHgHxEPUy0bJFDS4Ezg8My+WYVMfVAOlZSLss0Rurbeeam8CpUVDzM4zUn09SU66Q==",
      "requires": {
        "@ethersproject/bytes": "^5.0.9",
        "@ethersproject/constants": "^5.0.8",
        "@ethersproject/logger": "^5.0.8"
      }
    },
    "@ethersproject/transactions": {
      "version": "5.0.10",
      "resolved": "https://registry.npmjs.org/@ethersproject/transactions/-/transactions-5.0.10.tgz",
      "integrity": "sha512-Tqpp+vKYQyQdJQQk4M73tDzO7ODf2D42/sJOcKlDAAbdSni13v6a+31hUdo02qYXhVYwIs+ZjHnO4zKv5BNk8w==",
      "requires": {
        "@ethersproject/address": "^5.0.9",
        "@ethersproject/bignumber": "^5.0.13",
        "@ethersproject/bytes": "^5.0.9",
        "@ethersproject/constants": "^5.0.8",
        "@ethersproject/keccak256": "^5.0.7",
        "@ethersproject/logger": "^5.0.8",
        "@ethersproject/properties": "^5.0.7",
        "@ethersproject/rlp": "^5.0.7",
        "@ethersproject/signing-key": "^5.0.8"
      }
    },
    "@ethersproject/units": {
      "version": "5.0.10",
      "resolved": "https://registry.npmjs.org/@ethersproject/units/-/units-5.0.10.tgz",
      "integrity": "sha512-eaiHi9ham5lbC7qpqxpae7OY/nHJUnRUnFFuEwi2VB5Nwe3Np468OAV+e+HR+jAK4fHXQE6PFBTxWGtnZuO37g==",
      "requires": {
        "@ethersproject/bignumber": "^5.0.13",
        "@ethersproject/constants": "^5.0.8",
        "@ethersproject/logger": "^5.0.8"
      }
    },
    "@ethersproject/wallet": {
      "version": "5.0.11",
      "resolved": "https://registry.npmjs.org/@ethersproject/wallet/-/wallet-5.0.11.tgz",
      "integrity": "sha512-2Fg/DOvUltR7aZTOyWWlQhru+SKvq2UE3uEhXSyCFgMqDQNuc2nHXh1SHJtN65jsEbjVIppOe1Q7EQMvhmeeRw==",
      "requires": {
        "@ethersproject/abstract-provider": "^5.0.8",
        "@ethersproject/abstract-signer": "^5.0.10",
        "@ethersproject/address": "^5.0.9",
        "@ethersproject/bignumber": "^5.0.13",
        "@ethersproject/bytes": "^5.0.9",
        "@ethersproject/hash": "^5.0.10",
        "@ethersproject/hdnode": "^5.0.8",
        "@ethersproject/json-wallets": "^5.0.10",
        "@ethersproject/keccak256": "^5.0.7",
        "@ethersproject/logger": "^5.0.8",
        "@ethersproject/properties": "^5.0.7",
        "@ethersproject/random": "^5.0.7",
        "@ethersproject/signing-key": "^5.0.8",
        "@ethersproject/transactions": "^5.0.9",
        "@ethersproject/wordlists": "^5.0.8"
      }
    },
    "@ethersproject/web": {
      "version": "5.0.13",
      "resolved": "https://registry.npmjs.org/@ethersproject/web/-/web-5.0.13.tgz",
      "integrity": "sha512-G3x/Ns7pQm21ALnWLbdBI5XkW/jrsbXXffI9hKNPHqf59mTxHYtlNiSwxdoTSwCef3Hn7uvGZpaSgTyxs7IufQ==",
      "requires": {
        "@ethersproject/base64": "^5.0.7",
        "@ethersproject/bytes": "^5.0.9",
        "@ethersproject/logger": "^5.0.8",
        "@ethersproject/properties": "^5.0.7",
        "@ethersproject/strings": "^5.0.8"
      }
    },
    "@ethersproject/wordlists": {
      "version": "5.0.9",
      "resolved": "https://registry.npmjs.org/@ethersproject/wordlists/-/wordlists-5.0.9.tgz",
      "integrity": "sha512-Sn6MTjZkfbriod6GG6+p43W09HOXT4gwcDVNj0YoPYlo4Zq2Fk6b1CU9KUX3c6aI17PrgYb4qwZm5BMuORyqyQ==",
      "requires": {
        "@ethersproject/bytes": "^5.0.9",
        "@ethersproject/hash": "^5.0.10",
        "@ethersproject/logger": "^5.0.8",
        "@ethersproject/properties": "^5.0.7",
        "@ethersproject/strings": "^5.0.8"
      }
    },
    "@types/node": {
      "version": "14.14.31",
      "resolved": "https://registry.npmjs.org/@types/node/-/node-14.14.31.tgz",
      "integrity": "sha512-vFHy/ezP5qI0rFgJ7aQnjDXwAMrG0KqqIH7tQG5PPv3BWBayOPIQNBjVc/P6hhdZfMx51REc6tfDNXHUio893g==",
      "dev": true
    },
    "@types/pug": {
      "version": "2.0.4",
      "resolved": "https://registry.npmjs.org/@types/pug/-/pug-2.0.4.tgz",
      "integrity": "sha1-h3L80EGOPNLMFxVV1zAHQVBR9LI=",
      "dev": true
    },
    "@types/sass": {
      "version": "1.16.0",
      "resolved": "https://registry.npmjs.org/@types/sass/-/sass-1.16.0.tgz",
      "integrity": "sha512-2XZovu4NwcqmtZtsBR5XYLw18T8cBCnU2USFHTnYLLHz9fkhnoEMoDsqShJIOFsFhn5aJHjweiUUdTrDGujegA==",
      "dev": true,
      "requires": {
        "@types/node": "*"
      }
    },
    "@vitejs/plugin-legacy": {
      "version": "1.3.1",
      "resolved": "https://registry.npmjs.org/@vitejs/plugin-legacy/-/plugin-legacy-1.3.1.tgz",
      "integrity": "sha512-oidELN6ckX+APLjo2vjtyKv3X0Xj3SRzYd6Bm6taInhdH/JA/zlNF9uIUNvc5fIf/vIp0haoIY+mQNInAlKRrw==",
      "dev": true,
      "requires": {
        "@babel/standalone": "^7.12.12",
        "core-js": "^3.8.2",
        "magic-string": "^0.25.7",
        "regenerator-runtime": "^0.13.7",
        "systemjs": "^6.8.3"
      }
    },
    "aes-js": {
      "version": "3.0.0",
      "resolved": "https://registry.npmjs.org/aes-js/-/aes-js-3.0.0.tgz",
      "integrity": "sha1-4h3xCtbCBTKVvLuNq0Cwnb6ofk0="
    },
    "anymatch": {
      "version": "3.1.1",
      "resolved": "https://registry.npmjs.org/anymatch/-/anymatch-3.1.1.tgz",
      "integrity": "sha512-mM8522psRCqzV+6LhomX5wgp25YVibjh8Wj23I5RPkPppSVSjyKD2A2mBJmWGa+KN7f2D6LNh9jkBCeyLktzjg==",
      "dev": true,
      "requires": {
        "normalize-path": "^3.0.0",
        "picomatch": "^2.0.4"
      }
    },
    "autoprefixer": {
      "version": "10.2.4",
      "resolved": "https://registry.npmjs.org/autoprefixer/-/autoprefixer-10.2.4.tgz",
      "integrity": "sha512-DCCdUQiMD+P/as8m3XkeTUkUKuuRqLGcwD0nll7wevhqoJfMRpJlkFd1+MQh1pvupjiQuip42lc/VFvfUTMSKw==",
      "dev": true,
      "requires": {
        "browserslist": "^4.16.1",
        "caniuse-lite": "^1.0.30001181",
        "colorette": "^1.2.1",
        "fraction.js": "^4.0.13",
        "normalize-range": "^0.1.2",
        "postcss-value-parser": "^4.1.0"
      }
    },
    "bech32": {
      "version": "1.1.4",
      "resolved": "https://registry.npmjs.org/bech32/-/bech32-1.1.4.tgz",
      "integrity": "sha512-s0IrSOzLlbvX7yp4WBfPITzpAU8sqQcpsmwXDiKwrG4r491vwCO/XpejasRNl0piBMe/DvP4Tz0mIS/X1DPJBQ=="
    },
    "binary-extensions": {
      "version": "2.2.0",
      "resolved": "https://registry.npmjs.org/binary-extensions/-/binary-extensions-2.2.0.tgz",
      "integrity": "sha512-jDctJ/IVQbZoJykoeHbhXpOlNBqGNcwXJKJog42E5HDPUwQTSdjCHdihjj0DlnheQ7blbT6dHOafNAiS8ooQKA==",
      "dev": true
    },
    "bn.js": {
      "version": "4.12.0",
      "resolved": "https://registry.npmjs.org/bn.js/-/bn.js-4.12.0.tgz",
      "integrity": "sha512-c98Bf3tPniI+scsdk237ku1Dc3ujXQTSgyiPUDEOe7tRkhrqridvh8klBv0HCEso1OLOYcHuCv/cS6DNxKH+ZA=="
    },
    "braces": {
      "version": "3.0.2",
      "resolved": "https://registry.npmjs.org/braces/-/braces-3.0.2.tgz",
      "integrity": "sha512-b8um+L1RzM3WDSzvhm6gIz1yfTbBt6YTlcEKAvsmqCZZFw46z626lVj9j1yEPW33H5H+lBQpZMP1k8l+78Ha0A==",
      "dev": true,
      "requires": {
        "fill-range": "^7.0.1"
      }
    },
    "brorand": {
      "version": "1.1.0",
      "resolved": "https://registry.npmjs.org/brorand/-/brorand-1.1.0.tgz",
      "integrity": "sha1-EsJe/kCkXjwyPrhnWgoM5XsiNx8="
    },
    "browserslist": {
      "version": "4.16.3",
      "resolved": "https://registry.npmjs.org/browserslist/-/browserslist-4.16.3.tgz",
      "integrity": "sha512-vIyhWmIkULaq04Gt93txdh+j02yX/JzlyhLYbV3YQCn/zvES3JnY7TifHHvvr1w5hTDluNKMkV05cs4vy8Q7sw==",
      "dev": true,
      "requires": {
        "caniuse-lite": "^1.0.30001181",
        "colorette": "^1.2.1",
        "electron-to-chromium": "^1.3.649",
        "escalade": "^3.1.1",
        "node-releases": "^1.1.70"
      }
    },
    "caniuse-lite": {
      "version": "1.0.30001192",
      "resolved": "https://registry.npmjs.org/caniuse-lite/-/caniuse-lite-1.0.30001192.tgz",
      "integrity": "sha512-63OrUnwJj5T1rUmoyqYTdRWBqFFxZFlyZnRRjDR8NSUQFB6A+j/uBORU/SyJ5WzDLg4SPiZH40hQCBNdZ/jmAw==",
      "dev": true
    },
    "chokidar": {
      "version": "3.5.1",
      "resolved": "https://registry.npmjs.org/chokidar/-/chokidar-3.5.1.tgz",
      "integrity": "sha512-9+s+Od+W0VJJzawDma/gvBNQqkTiqYTWLuZoyAsivsI4AaWTCzHG06/TMjsf1cYe9Cb97UCEhjz7HvnPk2p/tw==",
      "dev": true,
      "requires": {
        "anymatch": "~3.1.1",
        "braces": "~3.0.2",
        "fsevents": "~2.3.1",
        "glob-parent": "~5.1.0",
        "is-binary-path": "~2.1.0",
        "is-glob": "~4.0.1",
        "normalize-path": "~3.0.0",
        "readdirp": "~3.5.0"
      }
    },
    "colorette": {
      "version": "1.2.2",
      "resolved": "https://registry.npmjs.org/colorette/-/colorette-1.2.2.tgz",
      "integrity": "sha512-MKGMzyfeuutC/ZJ1cba9NqcNpfeqMUcYmyF1ZFY6/Cn7CNSAKx6a+s48sqLqyAiZuaP2TcqMhoo+dlwFnVxT9w==",
      "dev": true
    },
    "core-js": {
      "version": "3.9.0",
      "resolved": "https://registry.npmjs.org/core-js/-/core-js-3.9.0.tgz",
      "integrity": "sha512-PyFBJaLq93FlyYdsndE5VaueA9K5cNB7CGzeCj191YYLhkQM0gdZR2SKihM70oF0wdqKSKClv/tEBOpoRmdOVQ==",
      "dev": true
    },
    "detect-indent": {
      "version": "6.0.0",
      "resolved": "https://registry.npmjs.org/detect-indent/-/detect-indent-6.0.0.tgz",
      "integrity": "sha512-oSyFlqaTHCItVRGK5RmrmjB+CmaMOW7IaNA/kdxqhoa6d17j/5ce9O9eWXmV/KEdRwqpQA+Vqe8a8Bsybu4YnA==",
      "dev": true
    },
    "electron-to-chromium": {
      "version": "1.3.675",
      "resolved": "https://registry.npmjs.org/electron-to-chromium/-/electron-to-chromium-1.3.675.tgz",
      "integrity": "sha512-GEQw+6dNWjueXGkGfjgm7dAMtXfEqrfDG3uWcZdeaD4cZ3dKYdPRQVruVXQRXtPLtOr5GNVVlNLRMChOZ611pQ==",
      "dev": true
    },
    "elliptic": {
      "version": "6.5.4",
      "resolved": "https://registry.npmjs.org/elliptic/-/elliptic-6.5.4.tgz",
      "integrity": "sha512-iLhC6ULemrljPZb+QutR5TQGB+pdW6KGD5RSegS+8sorOZT+rdQFbsQFJgvN3eRqNALqJer4oQ16YvJHlU8hzQ==",
      "requires": {
        "bn.js": "^4.11.9",
        "brorand": "^1.1.0",
        "hash.js": "^1.0.0",
        "hmac-drbg": "^1.0.1",
        "inherits": "^2.0.4",
        "minimalistic-assert": "^1.0.1",
        "minimalistic-crypto-utils": "^1.0.1"
      }
    },
    "esbuild": {
      "version": "0.8.53",
      "resolved": "https://registry.npmjs.org/esbuild/-/esbuild-0.8.53.tgz",
      "integrity": "sha512-GIaYGdMukH58hu+lf07XWAeESBYFAsz8fXnrylHDCbBXKOSNtFmoYA8PhSeSF+3/qzeJ0VjzV9AkLURo5yfu3g==",
      "dev": true
    },
    "escalade": {
      "version": "3.1.1",
      "resolved": "https://registry.npmjs.org/escalade/-/escalade-3.1.1.tgz",
      "integrity": "sha512-k0er2gUkLf8O0zKJiAhmkTnJlTvINGv7ygDNPbeIsX/TJjGJZHuh9B2UxbsaEkmlEo9MfhrSzmhIlhRlI2GXnw==",
      "dev": true
    },
    "estree-walker": {
      "version": "0.6.1",
      "resolved": "https://registry.npmjs.org/estree-walker/-/estree-walker-0.6.1.tgz",
      "integrity": "sha512-SqmZANLWS0mnatqbSfRP5g8OXZC12Fgg1IwNtLsyHDzJizORW4khDfjPqJZsemPWBB2uqykUah5YpQ6epsqC/w==",
      "dev": true
    },
    "ethers": {
      "version": "5.0.31",
      "resolved": "https://registry.npmjs.org/ethers/-/ethers-5.0.31.tgz",
      "integrity": "sha512-zpq0YbNFLFn+t+ibS8UkVWFeK5w6rVMSvbSHrHAQslfazovLnQ/mc2gdN5+6P45/k8fPgHrfHrYvJ4XvyK/S1A==",
      "requires": {
        "@ethersproject/abi": "5.0.12",
        "@ethersproject/abstract-provider": "5.0.9",
        "@ethersproject/abstract-signer": "5.0.13",
        "@ethersproject/address": "5.0.10",
        "@ethersproject/base64": "5.0.8",
        "@ethersproject/basex": "5.0.8",
        "@ethersproject/bignumber": "5.0.14",
        "@ethersproject/bytes": "5.0.10",
        "@ethersproject/constants": "5.0.9",
        "@ethersproject/contracts": "5.0.11",
        "@ethersproject/hash": "5.0.11",
        "@ethersproject/hdnode": "5.0.9",
        "@ethersproject/json-wallets": "5.0.11",
        "@ethersproject/keccak256": "5.0.8",
        "@ethersproject/logger": "5.0.9",
        "@ethersproject/networks": "5.0.8",
        "@ethersproject/pbkdf2": "5.0.8",
        "@ethersproject/properties": "5.0.8",
        "@ethersproject/providers": "5.0.23",
        "@ethersproject/random": "5.0.8",
        "@ethersproject/rlp": "5.0.8",
        "@ethersproject/sha2": "5.0.8",
        "@ethersproject/signing-key": "5.0.10",
        "@ethersproject/solidity": "5.0.9",
        "@ethersproject/strings": "5.0.9",
        "@ethersproject/transactions": "5.0.10",
        "@ethersproject/units": "5.0.10",
        "@ethersproject/wallet": "5.0.11",
        "@ethersproject/web": "5.0.13",
        "@ethersproject/wordlists": "5.0.9"
      }
    },
    "fill-range": {
      "version": "7.0.1",
      "resolved": "https://registry.npmjs.org/fill-range/-/fill-range-7.0.1.tgz",
      "integrity": "sha512-qOo9F+dMUmC2Lcb4BbVvnKJxTPjCm+RRpe4gDuGrzkL7mEVl/djYSu2OdQ2Pa302N4oqkSg9ir6jaLWJ2USVpQ==",
      "dev": true,
      "requires": {
        "to-regex-range": "^5.0.1"
      }
    },
    "fraction.js": {
      "version": "4.0.13",
      "resolved": "https://registry.npmjs.org/fraction.js/-/fraction.js-4.0.13.tgz",
      "integrity": "sha512-E1fz2Xs9ltlUp+qbiyx9wmt2n9dRzPsS11Jtdb8D2o+cC7wr9xkkKsVKJuBX0ST+LVS+LhLO+SbLJNtfWcJvXA==",
      "dev": true
    },
    "fsevents": {
      "version": "2.3.2",
      "resolved": "https://registry.npmjs.org/fsevents/-/fsevents-2.3.2.tgz",
      "integrity": "sha512-xiqMQR4xAeHTuB9uWm+fFRcIOgKBMiOBP+eXiyT7jsgVCq1bkVygt00oASowB7EdtpOHaaPgKt812P9ab+DDKA==",
      "dev": true,
      "optional": true
    },
    "function-bind": {
      "version": "1.1.1",
      "resolved": "https://registry.npmjs.org/function-bind/-/function-bind-1.1.1.tgz",
      "integrity": "sha512-yIovAzMX49sF8Yl58fSCWJ5svSLuaibPxXQJFLmBObTuCr0Mf1KiPopGM9NiFjiYBCbfaa2Fh6breQ6ANVTI0A==",
      "dev": true
    },
    "glob-parent": {
      "version": "5.1.1",
      "resolved": "https://registry.npmjs.org/glob-parent/-/glob-parent-5.1.1.tgz",
      "integrity": "sha512-FnI+VGOpnlGHWZxthPGR+QhR78fuiK0sNLkHQv+bL9fQi57lNNdquIbna/WrfROrolq8GK5Ek6BiMwqL/voRYQ==",
      "dev": true,
      "requires": {
        "is-glob": "^4.0.1"
      }
    },
    "has": {
      "version": "1.0.3",
      "resolved": "https://registry.npmjs.org/has/-/has-1.0.3.tgz",
      "integrity": "sha512-f2dvO0VU6Oej7RkWJGrehjbzMAjFp5/VKPp5tTpWIV4JHHZK1/BxbFRtf/siA2SWTe09caDmVtYYzWEIbBS4zw==",
      "dev": true,
      "requires": {
        "function-bind": "^1.1.1"
      }
    },
    "hash.js": {
      "version": "1.1.7",
      "resolved": "https://registry.npmjs.org/hash.js/-/hash.js-1.1.7.tgz",
      "integrity": "sha512-taOaskGt4z4SOANNseOviYDvjEJinIkRgmp7LbKP2YTTmVxWBl87s/uzK9r+44BclBSp2X7K1hqeNfz9JbBeXA==",
      "requires": {
        "inherits": "^2.0.3",
        "minimalistic-assert": "^1.0.1"
      }
    },
    "hmac-drbg": {
      "version": "1.0.1",
      "resolved": "https://registry.npmjs.org/hmac-drbg/-/hmac-drbg-1.0.1.tgz",
      "integrity": "sha1-0nRXAQJabHdabFRXk+1QL8DGSaE=",
      "requires": {
        "hash.js": "^1.0.3",
        "minimalistic-assert": "^1.0.0",
        "minimalistic-crypto-utils": "^1.0.1"
      }
    },
    "inherits": {
      "version": "2.0.4",
      "resolved": "https://registry.npmjs.org/inherits/-/inherits-2.0.4.tgz",
      "integrity": "sha512-k/vGaX4/Yla3WzyMCvTQOXYeIHvqOKtnqBduzTHpzpQZzAskKMhZ2K+EnBiSM9zGSoIFeMpXKxa4dYeZIQqewQ=="
    },
    "is-binary-path": {
      "version": "2.1.0",
      "resolved": "https://registry.npmjs.org/is-binary-path/-/is-binary-path-2.1.0.tgz",
      "integrity": "sha512-ZMERYes6pDydyuGidse7OsHxtbI7WVeUEozgR/g7rd0xUimYNlvZRE/K2MgZTjWy725IfelLeVcEM97mmtRGXw==",
      "dev": true,
      "requires": {
        "binary-extensions": "^2.0.0"
      }
    },
    "is-core-module": {
      "version": "2.2.0",
      "resolved": "https://registry.npmjs.org/is-core-module/-/is-core-module-2.2.0.tgz",
      "integrity": "sha512-XRAfAdyyY5F5cOXn7hYQDqh2Xmii+DEfIcQGxK/uNwMHhIkPWO0g8msXcbzLe+MpGoR951MlqM/2iIlU4vKDdQ==",
      "dev": true,
      "requires": {
        "has": "^1.0.3"
      }
    },
    "is-extglob": {
      "version": "2.1.1",
      "resolved": "https://registry.npmjs.org/is-extglob/-/is-extglob-2.1.1.tgz",
      "integrity": "sha1-qIwCU1eR8C7TfHahueqXc8gz+MI=",
      "dev": true
    },
    "is-glob": {
      "version": "4.0.1",
      "resolved": "https://registry.npmjs.org/is-glob/-/is-glob-4.0.1.tgz",
      "integrity": "sha512-5G0tKtBTFImOqDnLB2hG6Bp2qcKEFduo4tZu9MT/H6NQv/ghhy30o55ufafxJ/LdH79LLs2Kfrn85TLKyA7BUg==",
      "dev": true,
      "requires": {
        "is-extglob": "^2.1.1"
      }
    },
    "is-number": {
      "version": "7.0.0",
      "resolved": "https://registry.npmjs.org/is-number/-/is-number-7.0.0.tgz",
      "integrity": "sha512-41Cifkg6e8TylSpdtTpeLVMqvSBEVzTttHvERD741+pnZ8ANv0004MRL43QKPDlK9cGvNp6NZWZUBlbGXYxxng==",
      "dev": true
    },
    "js-sha3": {
      "version": "0.5.7",
      "resolved": "https://registry.npmjs.org/js-sha3/-/js-sha3-0.5.7.tgz",
      "integrity": "sha1-DU/9gALVMzqrr0oj7tL2N0yfKOc="
    },
    "magic-string": {
      "version": "0.25.7",
      "resolved": "https://registry.npmjs.org/magic-string/-/magic-string-0.25.7.tgz",
      "integrity": "sha512-4CrMT5DOHTDk4HYDlzmwu4FVCcIYI8gauveasrdCu2IKIFOJ3f0v/8MDGJCDL9oD2ppz/Av1b0Nj345H9M+XIA==",
      "dev": true,
      "requires": {
        "sourcemap-codec": "^1.4.4"
      }
    },
    "min-indent": {
      "version": "1.0.1",
      "resolved": "https://registry.npmjs.org/min-indent/-/min-indent-1.0.1.tgz",
      "integrity": "sha512-I9jwMn07Sy/IwOj3zVkVik2JTvgpaykDZEigL6Rx6N9LbMywwUSMtxET+7lVoDLLd3O3IXwJwvuuns8UB/HeAg==",
      "dev": true
    },
    "minimalistic-assert": {
      "version": "1.0.1",
      "resolved": "https://registry.npmjs.org/minimalistic-assert/-/minimalistic-assert-1.0.1.tgz",
      "integrity": "sha512-UtJcAD4yEaGtjPezWuO9wC4nwUnVH/8/Im3yEHQP4b67cXlD/Qr9hdITCU1xDbSEXg2XKNaP8jsReV7vQd00/A=="
    },
    "minimalistic-crypto-utils": {
      "version": "1.0.1",
      "resolved": "https://registry.npmjs.org/minimalistic-crypto-utils/-/minimalistic-crypto-utils-1.0.1.tgz",
      "integrity": "sha1-9sAMHAsIIkblxNmd+4x8CDsrWCo="
    },
    "nanoid": {
      "version": "3.1.20",
      "resolved": "https://registry.npmjs.org/nanoid/-/nanoid-3.1.20.tgz",
      "integrity": "sha512-a1cQNyczgKbLX9jwbS/+d7W8fX/RfgYR7lVWwWOGIPNgK2m0MWvrGF6/m4kk6U3QcFMnZf3RIhL0v2Jgh/0Uxw==",
      "dev": true
    },
    "node-releases": {
      "version": "1.1.71",
      "resolved": "https://registry.npmjs.org/node-releases/-/node-releases-1.1.71.tgz",
      "integrity": "sha512-zR6HoT6LrLCRBwukmrVbHv0EpEQjksO6GmFcZQQuCAy139BEsoVKPYnf3jongYW83fAa1torLGYwxxky/p28sg==",
      "dev": true
    },
    "normalize-path": {
      "version": "3.0.0",
      "resolved": "https://registry.npmjs.org/normalize-path/-/normalize-path-3.0.0.tgz",
      "integrity": "sha512-6eZs5Ls3WtCisHWp9S2GUy8dqkpGi4BVSz3GaqiE6ezub0512ESztXUwUB6C6IKbQkY2Pnb/mD4WYojCRwcwLA==",
      "dev": true
    },
    "normalize-range": {
      "version": "0.1.2",
      "resolved": "https://registry.npmjs.org/normalize-range/-/normalize-range-0.1.2.tgz",
      "integrity": "sha1-LRDAa9/TEuqXd2laTShDlFa3WUI=",
      "dev": true
    },
    "path-parse": {
      "version": "1.0.6",
      "resolved": "https://registry.npmjs.org/path-parse/-/path-parse-1.0.6.tgz",
      "integrity": "sha512-GSmOT2EbHrINBf9SR7CDELwlJ8AENk3Qn7OikK4nFYAu3Ote2+JYNVvkpAEQm3/TLNEJFD/xZJjzyxg3KBWOzw==",
      "dev": true
    },
    "picomatch": {
      "version": "2.2.2",
      "resolved": "https://registry.npmjs.org/picomatch/-/picomatch-2.2.2.tgz",
      "integrity": "sha512-q0M/9eZHzmr0AulXyPwNfZjtwZ/RBZlbN3K3CErVrk50T2ASYI7Bye0EvekFY3IP1Nt2DHu0re+V2ZHIpMkuWg==",
      "dev": true
    },
    "postcss": {
      "version": "8.2.6",
      "resolved": "https://registry.npmjs.org/postcss/-/postcss-8.2.6.tgz",
      "integrity": "sha512-xpB8qYxgPuly166AGlpRjUdEYtmOWx2iCwGmrv4vqZL9YPVviDVPZPRXxnXr6xPZOdxQ9lp3ZBFCRgWJ7LE3Sg==",
      "dev": true,
      "requires": {
        "colorette": "^1.2.1",
        "nanoid": "^3.1.20",
        "source-map": "^0.6.1"
      }
    },
    "postcss-value-parser": {
      "version": "4.1.0",
      "resolved": "https://registry.npmjs.org/postcss-value-parser/-/postcss-value-parser-4.1.0.tgz",
      "integrity": "sha512-97DXOFbQJhk71ne5/Mt6cOu6yxsSfM0QGQyl0L25Gca4yGWEGJaig7l7gbCX623VqTBNGLRLaVUCnNkcedlRSQ==",
      "dev": true
    },
    "readdirp": {
      "version": "3.5.0",
      "resolved": "https://registry.npmjs.org/readdirp/-/readdirp-3.5.0.tgz",
      "integrity": "sha512-cMhu7c/8rdhkHXWsY+osBhfSy0JikwpHK/5+imo+LpeasTF8ouErHrlYkwT0++njiyuDvc7OFY5T3ukvZ8qmFQ==",
      "dev": true,
      "requires": {
        "picomatch": "^2.2.1"
      }
    },
    "regenerator-runtime": {
      "version": "0.13.7",
      "resolved": "https://registry.npmjs.org/regenerator-runtime/-/regenerator-runtime-0.13.7.tgz",
      "integrity": "sha512-a54FxoJDIr27pgf7IgeQGxmqUNYrcV338lf/6gH456HZ/PhX+5BcwHXG9ajESmwe6WRO0tAzRUrRmNONWgkrew==",
      "dev": true
    },
    "require-relative": {
      "version": "0.8.7",
      "resolved": "https://registry.npmjs.org/require-relative/-/require-relative-0.8.7.tgz",
      "integrity": "sha1-eZlTn8ngR6N5KPoZb44VY9q9Nt4=",
      "dev": true
    },
    "resolve": {
      "version": "1.20.0",
      "resolved": "https://registry.npmjs.org/resolve/-/resolve-1.20.0.tgz",
      "integrity": "sha512-wENBPt4ySzg4ybFQW2TT1zMQucPK95HSh/nq2CFTZVOGut2+pQvSsgtda4d26YrYcr067wjbmzOG8byDPBX63A==",
      "dev": true,
      "requires": {
        "is-core-module": "^2.2.0",
        "path-parse": "^1.0.6"
      }
    },
    "rollup": {
      "version": "2.40.0",
      "resolved": "https://registry.npmjs.org/rollup/-/rollup-2.40.0.tgz",
      "integrity": "sha512-WiOGAPbXoHu+TOz6hyYUxIksOwsY/21TRWoO593jgYt8mvYafYqQl+axaA8y1z2HFazNUUrsMSjahV2A6/2R9A==",
      "dev": true,
      "requires": {
        "fsevents": "~2.3.1"
      }
    },
    "rollup-plugin-svelte": {
      "version": "github:rixo/rollup-plugin-svelte-hot#bdc766734e184cef4244cb29c2b0df049af057f7",
      "from": "github:rixo/rollup-plugin-svelte-hot#svelte-hmr",
      "dev": true,
      "requires": {
        "require-relative": "^0.8.7",
        "rollup-pluginutils": "^2.8.2",
        "svelte-hmr": "^0.12.4"
      }
    },
    "rollup-pluginutils": {
      "version": "2.8.2",
      "resolved": "https://registry.npmjs.org/rollup-pluginutils/-/rollup-pluginutils-2.8.2.tgz",
      "integrity": "sha512-EEp9NhnUkwY8aif6bxgovPHMoMoNr2FulJziTndpt5H9RdwC47GSGuII9XxpSdzVGM0GWrNPHV6ie1LTNJPaLQ==",
      "dev": true,
      "requires": {
        "estree-walker": "^0.6.1"
      }
    },
    "sass": {
      "version": "1.32.8",
      "resolved": "https://registry.npmjs.org/sass/-/sass-1.32.8.tgz",
      "integrity": "sha512-Sl6mIeGpzjIUZqvKnKETfMf0iDAswD9TNlv13A7aAF3XZlRPMq4VvJWBC2N2DXbp94MQVdNSFG6LfF/iOXrPHQ==",
      "dev": true,
      "requires": {
        "chokidar": ">=2.0.0 <4.0.0"
      }
    },
    "scrypt-js": {
      "version": "3.0.1",
      "resolved": "https://registry.npmjs.org/scrypt-js/-/scrypt-js-3.0.1.tgz",
      "integrity": "sha512-cdwTTnqPu0Hyvf5in5asVdZocVDTNRmR7XEcJuIzMjJeSHybHl7vpB66AzwTaIg6CLSbtjcxc8fqcySfnTkccA=="
    },
    "source-map": {
      "version": "0.6.1",
      "resolved": "https://registry.npmjs.org/source-map/-/source-map-0.6.1.tgz",
      "integrity": "sha512-UjgapumWlbMhkBgzT7Ykc5YXUT46F0iKu8SGXq0bcwP5dz/h0Plj6enJqjz1Zbq2l5WaqYnrVbwWOWMyF3F47g==",
      "dev": true
    },
    "sourcemap-codec": {
      "version": "1.4.8",
      "resolved": "https://registry.npmjs.org/sourcemap-codec/-/sourcemap-codec-1.4.8.tgz",
      "integrity": "sha512-9NykojV5Uih4lgo5So5dtw+f0JgJX30KCNI8gwhz2J9A15wD0Ml6tjHKwf6fTSa6fAdVBdZeNOs9eJ71qCk8vA==",
      "dev": true
    },
    "strip-indent": {
      "version": "3.0.0",
      "resolved": "https://registry.npmjs.org/strip-indent/-/strip-indent-3.0.0.tgz",
      "integrity": "sha512-laJTa3Jb+VQpaC6DseHhF7dXVqHTfJPCRDaEbid/drOhgitgYku/letMUqOXFoWV0zIIUbjpdH2t+tYj4bQMRQ==",
      "dev": true,
      "requires": {
        "min-indent": "^1.0.0"
      }
    },
    "svelte": {
      "version": "3.34.0",
      "resolved": "https://registry.npmjs.org/svelte/-/svelte-3.34.0.tgz",
      "integrity": "sha512-xWcaQ/J4Yd5k0UWz+ef6i5RW5WP3hNpluEI2qtTTKlMOXERHpVL509O9lIw7sgEn1JjJgTOS+lnnDj99vQ3YqQ==",
      "dev": true
    },
    "svelte-hmr": {
      "version": "0.12.6",
      "resolved": "https://registry.npmjs.org/svelte-hmr/-/svelte-hmr-0.12.6.tgz",
      "integrity": "sha512-q08BjoUSbwXpKo9ij6aym93jBrt7K8eutLwix5Y9cuSFLS5djxumOoUVsSzDkdKssLlg5X//Kg/0MWHHBeQRTg==",
      "dev": true
    },
    "svelte-preprocess": {
      "version": "4.6.9",
      "resolved": "https://registry.npmjs.org/svelte-preprocess/-/svelte-preprocess-4.6.9.tgz",
      "integrity": "sha512-SROWH0rB0DJ+0Ii264cprmNu/NJyZacs5wFD71ya93Cg/oA2lKHgQm4F6j0EWA4ktFMzeuJJm/eX6fka39hEHA==",
      "dev": true,
      "requires": {
        "@types/pug": "^2.0.4",
        "@types/sass": "^1.16.0",
        "detect-indent": "^6.0.0",
        "strip-indent": "^3.0.0"
      }
    },
    "systemjs": {
      "version": "6.8.3",
      "resolved": "https://registry.npmjs.org/systemjs/-/systemjs-6.8.3.tgz",
      "integrity": "sha512-UcTY+FEA1B7e+bpJk1TI+a9Na6LG7wFEqW7ED16cLqLuQfI/9Ri0rsXm3tKlIgNoHyLHZycjdAOijzNbzelgwA==",
      "dev": true
    },
    "to-regex-range": {
      "version": "5.0.1",
      "resolved": "https://registry.npmjs.org/to-regex-range/-/to-regex-range-5.0.1.tgz",
      "integrity": "sha512-65P7iz6X5yEr1cwcgvQxbbIw7Uk3gOy5dIdtZ4rDveLqhrdJP+Li/Hx6tyK0NEb+2GCyneCMJiGqrADCSNk8sQ==",
      "dev": true,
      "requires": {
        "is-number": "^7.0.0"
      }
    },
    "typescript": {
      "version": "4.2.2",
      "resolved": "https://registry.npmjs.org/typescript/-/typescript-4.2.2.tgz",
      "integrity": "sha512-tbb+NVrLfnsJy3M59lsDgrzWIflR4d4TIUjz+heUnHZwdF7YsrMTKoRERiIvI2lvBG95dfpLxB21WZhys1bgaQ==",
      "dev": true
    },
    "vite": {
      "version": "2.0.4",
      "resolved": "https://registry.npmjs.org/vite/-/vite-2.0.4.tgz",
      "integrity": "sha512-+PP89D7AKXFE4gps8c5+4eP5yXTh5qCogjdYX7iSsIxbLZAa26JoGSq6OLk0qdb/fqDh7gtJqGiLbG2V6NvkKQ==",
      "dev": true,
      "requires": {
        "esbuild": "^0.8.52",
        "fsevents": "~2.3.1",
        "postcss": "^8.2.1",
        "resolve": "^1.19.0",
        "rollup": "^2.38.5"
      }
    },
    "ws": {
      "version": "7.2.3",
      "resolved": "https://registry.npmjs.org/ws/-/ws-7.2.3.tgz",
      "integrity": "sha512-HTDl9G9hbkNDk98naoR/cHDws7+EyYMOdL1BmjsZXRUjf7d+MficC4B7HLUPlSiho0vg+CWKrGIt/VJBd1xunQ=="
    }
  }
}
